
Microsoft Visual Studio Solution File, Format Version 12.00
# Visual Studio Version 16
VisualStudioVersion = 16.0.30114.105
MinimumVisualStudioVersion = 10.0.40219.1
Project("{FAE04EC0-301F-11D3-BF4B-00C04F79EFBC}") = "API", "API\API.csproj", "{BF6E3AD6-3D54-4294-92D1-7670DEF79B73}"
EndProject
Project("{FAE04EC0-301F-11D3-BF4B-00C04F79EFBC}") = "Application", "Application\Application.csproj", "{5BB2B713-A363-4431-9031-B7112AE8CE52}"
EndProject
Project("{FAE04EC0-301F-11D3-BF4B-00C04F79EFBC}") = "Persistence", "Persistence\Persistence.csproj", "{12DFA420-FBB1-4B20-BB52-8AEBD9758519}"
EndProject
Project("{FAE04EC0-301F-11D3-BF4B-00C04F79EFBC}") = "Domain", "Domain\Domain.csproj", "{524CBEBB-5E58-4CB3-BE55-0216AE0156FC}"
EndProject
Global
	GlobalSection(SolutionConfigurationPlatforms) = preSolution
		Debug|Any CPU = Debug|Any CPU
		Release|Any CPU = Release|Any CPU
	EndGlobalSection
	GlobalSection(SolutionProperties) = preSolution
		HideSolutionNode = FALSE
	EndGlobalSection
	GlobalSection(ProjectConfigurationPlatforms) = postSolution
		{BF6E3AD6-3D54-4294-92D1-7670DEF79B73}.Debug|Any CPU.ActiveCfg = Debug|Any CPU
		{BF6E3AD6-3D54-4294-92D1-7670DEF79B73}.Debug|Any CPU.Build.0 = Debug|Any CPU
		{BF6E3AD6-3D54-4294-92D1-7670DEF79B73}.Release|Any CPU.ActiveCfg = Release|Any CPU
		{BF6E3AD6-3D54-4294-92D1-7670DEF79B73}.Release|Any CPU.Build.0 = Release|Any CPU
		{5BB2B713-A363-4431-9031-B7112AE8CE52}.Debug|Any CPU.ActiveCfg = Debug|Any CPU
		{5BB2B713-A363-4431-9031-B7112AE8CE52}.Debug|Any CPU.Build.0 = Debug|Any CPU
		{5BB2B713-A363-4431-9031-B7112AE8CE52}.Release|Any CPU.ActiveCfg = Release|Any CPU
		{5BB2B713-A363-4431-9031-B7112AE8CE52}.Release|Any CPU.Build.0 = Release|Any CPU
		{12DFA420-FBB1-4B20-BB52-8AEBD9758519}.Debug|Any CPU.ActiveCfg = Debug|Any CPU
		{12DFA420-FBB1-4B20-BB52-8AEBD9758519}.Debug|Any CPU.Build.0 = Debug|Any CPU
		{12DFA420-FBB1-4B20-BB52-8AEBD9758519}.Release|Any CPU.ActiveCfg = Release|Any CPU
		{12DFA420-FBB1-4B20-BB52-8AEBD9758519}.Release|Any CPU.Build.0 = Release|Any CPU
		{524CBEBB-5E58-4CB3-BE55-0216AE0156FC}.Debug|Any CPU.ActiveCfg = Debug|Any CPU
		{524CBEBB-5E58-4CB3-BE55-0216AE0156FC}.Debug|Any CPU.Build.0 = Debug|Any CPU
		{524CBEBB-5E58-4CB3-BE55-0216AE0156FC}.Release|Any CPU.ActiveCfg = Release|Any CPU
		{524CBEBB-5E58-4CB3-BE55-0216AE0156FC}.Release|Any CPU.Build.0 = Release|Any CPU
	EndGlobalSection
EndGlobal
